// !$*UTF8*$!
{
	archiveVersion = 1;
	classes = {
	};
	objectVersion = 46;
	objects = {

/* Begin PBXBuildFile section */
		15552A31194B5B140066984B /* Parse.framework in Frameworks */ = {isa = PBXBuildFile; fileRef = 15552A30194B5B140066984B /* Parse.framework */; };
		15552A33194B5C0E0066984B /* SystemConfiguration.framework in Frameworks */ = {isa = PBXBuildFile; fileRef = 15552A32194B5C0E0066984B /* SystemConfiguration.framework */; };
		15552A35194B5CA60066984B /* CFNetwork.framework in Frameworks */ = {isa = PBXBuildFile; fileRef = 15552A34194B5CA60066984B /* CFNetwork.framework */; };
		15552A37194B5CB10066984B /* MobileCoreServices.framework in Frameworks */ = {isa = PBXBuildFile; fileRef = 15552A36194B5CB10066984B /* MobileCoreServices.framework */; };
		15552A3A194B61880066984B /* HomeViewController.m in Sources */ = {isa = PBXBuildFile; fileRef = 15552A39194B61880066984B /* HomeViewController.m */; };
		15D0781119420BF800CA0EAF /* Foundation.framework in Frameworks */ = {isa = PBXBuildFile; fileRef = 15D0781019420BF800CA0EAF /* Foundation.framework */; };
		15D0781319420BF800CA0EAF /* CoreGraphics.framework in Frameworks */ = {isa = PBXBuildFile; fileRef = 15D0781219420BF800CA0EAF /* CoreGraphics.framework */; };
		15D0781519420BF800CA0EAF /* UIKit.framework in Frameworks */ = {isa = PBXBuildFile; fileRef = 15D0781419420BF800CA0EAF /* UIKit.framework */; };
		15D0781B19420BF800CA0EAF /* InfoPlist.strings in Resources */ = {isa = PBXBuildFile; fileRef = 15D0781919420BF800CA0EAF /* InfoPlist.strings */; };
		15D0781D19420BF800CA0EAF /* main.m in Sources */ = {isa = PBXBuildFile; fileRef = 15D0781C19420BF800CA0EAF /* main.m */; };
		15D0782119420BF800CA0EAF /* AppDelegate.m in Sources */ = {isa = PBXBuildFile; fileRef = 15D0782019420BF800CA0EAF /* AppDelegate.m */; };
		15D0782319420BF800CA0EAF /* Images.xcassets in Resources */ = {isa = PBXBuildFile; fileRef = 15D0782219420BF800CA0EAF /* Images.xcassets */; };
		15D0782A19420BF800CA0EAF /* XCTest.framework in Frameworks */ = {isa = PBXBuildFile; fileRef = 15D0782919420BF800CA0EAF /* XCTest.framework */; };
		15D0782B19420BF800CA0EAF /* Foundation.framework in Frameworks */ = {isa = PBXBuildFile; fileRef = 15D0781019420BF800CA0EAF /* Foundation.framework */; };
		15D0782C19420BF800CA0EAF /* UIKit.framework in Frameworks */ = {isa = PBXBuildFile; fileRef = 15D0781419420BF800CA0EAF /* UIKit.framework */; };
		15D0783419420BF800CA0EAF /* InfoPlist.strings in Resources */ = {isa = PBXBuildFile; fileRef = 15D0783219420BF800CA0EAF /* InfoPlist.strings */; };
		15D0783619420BF800CA0EAF /* nintriva_francis_000Tests.m in Sources */ = {isa = PBXBuildFile; fileRef = 15D0783519420BF800CA0EAF /* nintriva_francis_000Tests.m */; };
		15D0784019420C2F00CA0EAF /* Main.storyboard in Resources */ = {isa = PBXBuildFile; fileRef = 15D0783F19420C2F00CA0EAF /* Main.storyboard */; };
		15D0784319420C8300CA0EAF /* MainViewController.m in Sources */ = {isa = PBXBuildFile; fileRef = 15D0784219420C8300CA0EAF /* MainViewController.m */; };
		15D0784619420C9F00CA0EAF /* BaseViewController.m in Sources */ = {isa = PBXBuildFile; fileRef = 15D0784519420C9F00CA0EAF /* BaseViewController.m */; };
/* End PBXBuildFile section */

/* Begin PBXContainerItemProxy section */
		15D0782D19420BF800CA0EAF /* PBXContainerItemProxy */ = {
			isa = PBXContainerItemProxy;
			containerPortal = 15D0780519420BF800CA0EAF /* Project object */;
			proxyType = 1;
			remoteGlobalIDString = 15D0780C19420BF800CA0EAF;
			remoteInfo = nintriva_francis_000;
		};
/* End PBXContainerItemProxy section */

/* Begin PBXFileReference section */
		15552A30194B5B140066984B /* Parse.framework */ = {isa = PBXFileReference; lastKnownFileType = wrapper.framework; path = Parse.framework; sourceTree = "<group>"; };
		15552A32194B5C0E0066984B /* SystemConfiguration.framework */ = {isa = PBXFileReference; lastKnownFileType = wrapper.framework; name = SystemConfiguration.framework; path = System/Library/Frameworks/SystemConfiguration.framework; sourceTree = SDKROOT; };
		15552A34194B5CA60066984B /* CFNetwork.framework */ = {isa = PBXFileReference; lastKnownFileType = wrapper.framework; name = CFNetwork.framework; path = System/Library/Frameworks/CFNetwork.framework; sourceTree = SDKROOT; };
		15552A36194B5CB10066984B /* MobileCoreServices.framework */ = {isa = PBXFileReference; lastKnownFileType = wrapper.framework; name = MobileCoreServices.framework; path = System/Library/Frameworks/MobileCoreServices.framework; sourceTree = SDKROOT; };
		15552A38194B61880066984B /* HomeViewController.h */ = {isa = PBXFileReference; fileEncoding = 4; lastKnownFileType = sourcecode.c.h; path = HomeViewController.h; sourceTree = "<group>"; };
		15552A39194B61880066984B /* HomeViewController.m */ = {isa = PBXFileReference; fileEncoding = 4; lastKnownFileType = sourcecode.c.objc; path = HomeViewController.m; sourceTree = "<group>"; };
		15D0780D19420BF800CA0EAF /* nintriva_francis_000.app */ = {isa = PBXFileReference; explicitFileType = wrapper.application; includeInIndex = 0; path = nintriva_francis_000.app; sourceTree = BUILT_PRODUCTS_DIR; };
		15D0781019420BF800CA0EAF /* Foundation.framework */ = {isa = PBXFileReference; lastKnownFileType = wrapper.framework; name = Foundation.framework; path = System/Library/Frameworks/Foundation.framework; sourceTree = SDKROOT; };
		15D0781219420BF800CA0EAF /* CoreGraphics.framework */ = {isa = PBXFileReference; lastKnownFileType = wrapper.framework; name = CoreGraphics.framework; path = System/Library/Frameworks/CoreGraphics.framework; sourceTree = SDKROOT; };
		15D0781419420BF800CA0EAF /* UIKit.framework */ = {isa = PBXFileReference; lastKnownFileType = wrapper.framework; name = UIKit.framework; path = System/Library/Frameworks/UIKit.framework; sourceTree = SDKROOT; };
		15D0781819420BF800CA0EAF /* nintriva_francis_000-Info.plist */ = {isa = PBXFileReference; lastKnownFileType = text.plist.xml; path = "nintriva_francis_000-Info.plist"; sourceTree = "<group>"; };
		15D0781A19420BF800CA0EAF /* en */ = {isa = PBXFileReference; lastKnownFileType = text.plist.strings; name = en; path = en.lproj/InfoPlist.strings; sourceTree = "<group>"; };
		15D0781C19420BF800CA0EAF /* main.m */ = {isa = PBXFileReference; lastKnownFileType = sourcecode.c.objc; path = main.m; sourceTree = "<group>"; };
		15D0781E19420BF800CA0EAF /* nintriva_francis_000-Prefix.pch */ = {isa = PBXFileReference; lastKnownFileType = sourcecode.c.h; path = "nintriva_francis_000-Prefix.pch"; sourceTree = "<group>"; };
		15D0781F19420BF800CA0EAF /* AppDelegate.h */ = {isa = PBXFileReference; lastKnownFileType = sourcecode.c.h; path = AppDelegate.h; sourceTree = "<group>"; };
		15D0782019420BF800CA0EAF /* AppDelegate.m */ = {isa = PBXFileReference; lastKnownFileType = sourcecode.c.objc; path = AppDelegate.m; sourceTree = "<group>"; };
		15D0782219420BF800CA0EAF /* Images.xcassets */ = {isa = PBXFileReference; lastKnownFileType = folder.assetcatalog; path = Images.xcassets; sourceTree = "<group>"; };
		15D0782819420BF800CA0EAF /* nintriva_francis_000Tests.xctest */ = {isa = PBXFileReference; explicitFileType = wrapper.cfbundle; includeInIndex = 0; path = nintriva_francis_000Tests.xctest; sourceTree = BUILT_PRODUCTS_DIR; };
		15D0782919420BF800CA0EAF /* XCTest.framework */ = {isa = PBXFileReference; lastKnownFileType = wrapper.framework; name = XCTest.framework; path = Library/Frameworks/XCTest.framework; sourceTree = DEVELOPER_DIR; };
		15D0783119420BF800CA0EAF /* nintriva_francis_000Tests-Info.plist */ = {isa = PBXFileReference; lastKnownFileType = text.plist.xml; path = "nintriva_francis_000Tests-Info.plist"; sourceTree = "<group>"; };
		15D0783319420BF800CA0EAF /* en */ = {isa = PBXFileReference; lastKnownFileType = text.plist.strings; name = en; path = en.lproj/InfoPlist.strings; sourceTree = "<group>"; };
		15D0783519420BF800CA0EAF /* nintriva_francis_000Tests.m */ = {isa = PBXFileReference; lastKnownFileType = sourcecode.c.objc; path = nintriva_francis_000Tests.m; sourceTree = "<group>"; };
		15D0783F19420C2F00CA0EAF /* Main.storyboard */ = {isa = PBXFileReference; fileEncoding = 4; lastKnownFileType = file.storyboard; path = Main.storyboard; sourceTree = "<group>"; };
		15D0784119420C8300CA0EAF /* MainViewController.h */ = {isa = PBXFileReference; fileEncoding = 4; lastKnownFileType = sourcecode.c.h; path = MainViewController.h; sourceTree = "<group>"; };
		15D0784219420C8300CA0EAF /* MainViewController.m */ = {isa = PBXFileReference; fileEncoding = 4; lastKnownFileType = sourcecode.c.objc; path = MainViewController.m; sourceTree = "<group>"; };
		15D0784419420C9F00CA0EAF /* BaseViewController.h */ = {isa = PBXFileReference; fileEncoding = 4; lastKnownFileType = sourcecode.c.h; path = BaseViewController.h; sourceTree = "<group>"; };
		15D0784519420C9F00CA0EAF /* BaseViewController.m */ = {isa = PBXFileReference; fileEncoding = 4; lastKnownFileType = sourcecode.c.objc; path = BaseViewController.m; sourceTree = "<group>"; };
/* End PBXFileReference section */

/* Begin PBXFrameworksBuildPhase section */
		15D0780A19420BF800CA0EAF /* Frameworks */ = {
			isa = PBXFrameworksBuildPhase;
			buildActionMask = 2147483647;
			files = (
				15552A37194B5CB10066984B /* MobileCoreServices.framework in Frameworks */,
				15552A35194B5CA60066984B /* CFNetwork.framework in Frameworks */,
				15552A33194B5C0E0066984B /* SystemConfiguration.framework in Frameworks */,
				15D0781319420BF800CA0EAF /* CoreGraphics.framework in Frameworks */,
				15D0781519420BF800CA0EAF /* UIKit.framework in Frameworks */,
				15552A31194B5B140066984B /* Parse.framework in Frameworks */,
				15D0781119420BF800CA0EAF /* Foundation.framework in Frameworks */,
			);
			runOnlyForDeploymentPostprocessing = 0;
		};
		15D0782519420BF800CA0EAF /* Frameworks */ = {
			isa = PBXFrameworksBuildPhase;
			buildActionMask = 2147483647;
			files = (
				15D0782A19420BF800CA0EAF /* XCTest.framework in Frameworks */,
				15D0782C19420BF800CA0EAF /* UIKit.framework in Frameworks */,
				15D0782B19420BF800CA0EAF /* Foundation.framework in Frameworks */,
			);
			runOnlyForDeploymentPostprocessing = 0;
		};
/* End PBXFrameworksBuildPhase section */

/* Begin PBXGroup section */
		15D0780419420BF800CA0EAF = {
			isa = PBXGroup;
			children = (
				15D0781619420BF800CA0EAF /* nintriva_francis_000 */,
				15D0782F19420BF800CA0EAF /* nintriva_francis_000Tests */,
				15D0780F19420BF800CA0EAF /* Frameworks */,
				15D0780E19420BF800CA0EAF /* Products */,
			);
			sourceTree = "<group>";
		};
		15D0780E19420BF800CA0EAF /* Products */ = {
			isa = PBXGroup;
			children = (
				15D0780D19420BF800CA0EAF /* nintriva_francis_000.app */,
				15D0782819420BF800CA0EAF /* nintriva_francis_000Tests.xctest */,
			);
			name = Products;
			sourceTree = "<group>";
		};
		15D0780F19420BF800CA0EAF /* Frameworks */ = {
			isa = PBXGroup;
			children = (
				15552A36194B5CB10066984B /* MobileCoreServices.framework */,
				15552A34194B5CA60066984B /* CFNetwork.framework */,
				15552A32194B5C0E0066984B /* SystemConfiguration.framework */,
				15552A30194B5B140066984B /* Parse.framework */,
				15D0781019420BF800CA0EAF /* Foundation.framework */,
				15D0781219420BF800CA0EAF /* CoreGraphics.framework */,
				15D0781419420BF800CA0EAF /* UIKit.framework */,
				15D0782919420BF800CA0EAF /* XCTest.framework */,
			);
			name = Frameworks;
			sourceTree = "<group>";
		};
		15D0781619420BF800CA0EAF /* nintriva_francis_000 */ = {
			isa = PBXGroup;
			children = (
				15D0781F19420BF800CA0EAF /* AppDelegate.h */,
				15D0782019420BF800CA0EAF /* AppDelegate.m */,
				15D0783F19420C2F00CA0EAF /* Main.storyboard */,
				15D0782219420BF800CA0EAF /* Images.xcassets */,
				15D0781719420BF800CA0EAF /* Supporting Files */,
				15D0784119420C8300CA0EAF /* MainViewController.h */,
				15D0784219420C8300CA0EAF /* MainViewController.m */,
				15D0784419420C9F00CA0EAF /* BaseViewController.h */,
				15D0784519420C9F00CA0EAF /* BaseViewController.m */,
				15552A38194B61880066984B /* HomeViewController.h */,
				15552A39194B61880066984B /* HomeViewController.m */,
			);
			path = nintriva_francis_000;
			sourceTree = "<group>";
		};
		15D0781719420BF800CA0EAF /* Supporting Files */ = {
			isa = PBXGroup;
			children = (
				15D0781819420BF800CA0EAF /* nintriva_francis_000-Info.plist */,
				15D0781919420BF800CA0EAF /* InfoPlist.strings */,
				15D0781C19420BF800CA0EAF /* main.m */,
				15D0781E19420BF800CA0EAF /* nintriva_francis_000-Prefix.pch */,
			);
			name = "Supporting Files";
			sourceTree = "<group>";
		};
		15D0782F19420BF800CA0EAF /* nintriva_francis_000Tests */ = {
			isa = PBXGroup;
			children = (
				15D0783519420BF800CA0EAF /* nintriva_francis_000Tests.m */,
				15D0783019420BF800CA0EAF /* Supporting Files */,
			);
			path = nintriva_francis_000Tests;
			sourceTree = "<group>";
		};
		15D0783019420BF800CA0EAF /* Supporting Files */ = {
			isa = PBXGroup;
			children = (
				15D0783119420BF800CA0EAF /* nintriva_francis_000Tests-Info.plist */,
				15D0783219420BF800CA0EAF /* InfoPlist.strings */,
			);
			name = "Supporting Files";
			sourceTree = "<group>";
		};
/* End PBXGroup section */

/* Begin PBXNativeTarget section */
		15D0780C19420BF800CA0EAF /* nintriva_francis_000 */ = {
			isa = PBXNativeTarget;
			buildConfigurationList = 15D0783919420BF800CA0EAF /* Build configuration list for PBXNativeTarget "nintriva_francis_000" */;
			buildPhases = (
				15D0780919420BF800CA0EAF /* Sources */,
				15D0780A19420BF800CA0EAF /* Frameworks */,
				15D0780B19420BF800CA0EAF /* Resources */,
			);
			buildRules = (
			);
			dependencies = (
			);
			name = nintriva_francis_000;
			productName = nintriva_francis_000;
			productReference = 15D0780D19420BF800CA0EAF /* nintriva_francis_000.app */;
			productType = "com.apple.product-type.application";
		};
		15D0782719420BF800CA0EAF /* nintriva_francis_000Tests */ = {
			isa = PBXNativeTarget;
			buildConfigurationList = 15D0783C19420BF800CA0EAF /* Build configuration list for PBXNativeTarget "nintriva_francis_000Tests" */;
			buildPhases = (
				15D0782419420BF800CA0EAF /* Sources */,
				15D0782519420BF800CA0EAF /* Frameworks */,
				15D0782619420BF800CA0EAF /* Resources */,
			);
			buildRules = (
			);
			dependencies = (
				15D0782E19420BF800CA0EAF /* PBXTargetDependency */,
			);
			name = nintriva_francis_000Tests;
			productName = nintriva_francis_000Tests;
			productReference = 15D0782819420BF800CA0EAF /* nintriva_francis_000Tests.xctest */;
			productType = "com.apple.product-type.bundle.unit-test";
		};
/* End PBXNativeTarget section */

/* Begin PBXProject section */
		15D0780519420BF800CA0EAF /* Project object */ = {
			isa = PBXProject;
			attributes = {
				LastUpgradeCheck = 0510;
				ORGANIZATIONNAME = NIntriva;
				TargetAttributes = {
					15D0782719420BF800CA0EAF = {
						TestTargetID = 15D0780C19420BF800CA0EAF;
					};
				};
			};
			buildConfigurationList = 15D0780819420BF800CA0EAF /* Build configuration list for PBXProject "nintriva_francis_000" */;
			compatibilityVersion = "Xcode 3.2";
			developmentRegion = English;
			hasScannedForEncodings = 0;
			knownRegions = (
				en,
			);
			mainGroup = 15D0780419420BF800CA0EAF;
			productRefGroup = 15D0780E19420BF800CA0EAF /* Products */;
			projectDirPath = "";
			projectRoot = "";
			targets = (
				15D0780C19420BF800CA0EAF /* nintriva_francis_000 */,
				15D0782719420BF800CA0EAF /* nintriva_francis_000Tests */,
			);
		};
/* End PBXProject section */

/* Begin PBXResourcesBuildPhase section */
		15D0780B19420BF800CA0EAF /* Resources */ = {
			isa = PBXResourcesBuildPhase;
			buildActionMask = 2147483647;
			files = (
				15D0784019420C2F00CA0EAF /* Main.storyboard in Resources */,
				15D0781B19420BF800CA0EAF /* InfoPlist.strings in Resources */,
				15D0782319420BF800CA0EAF /* Images.xcassets in Resources */,
			);
			runOnlyForDeploymentPostprocessing = 0;
		};
		15D0782619420BF800CA0EAF /* Resources */ = {
			isa = PBXResourcesBuildPhase;
			buildActionMask = 2147483647;
			files = (
				15D0783419420BF800CA0EAF /* InfoPlist.strings in Resources */,
			);
			runOnlyForDeploymentPostprocessing = 0;
		};
/* End PBXResourcesBuildPhase section */

/* Begin PBXSourcesBuildPhase section */
		15D0780919420BF800CA0EAF /* Sources */ = {
			isa = PBXSourcesBuildPhase;
			buildActionMask = 2147483647;
			files = (
				15D0782119420BF800CA0EAF /* AppDelegate.m in Sources */,
				15D0784619420C9F00CA0EAF /* BaseViewController.m in Sources */,
				15D0784319420C8300CA0EAF /* MainViewController.m in Sources */,
				15552A3A194B61880066984B /* HomeViewController.m in Sources */,
				15D0781D19420BF800CA0EAF /* main.m in Sources */,
			);
			runOnlyForDeploymentPostprocessing = 0;
		};
		15D0782419420BF800CA0EAF /* Sources */ = {
			isa = PBXSourcesBuildPhase;
			buildActionMask = 2147483647;
			files = (
				15D0783619420BF800CA0EAF /* nintriva_francis_000Tests.m in Sources */,
			);
			runOnlyForDeploymentPostprocessing = 0;
		};
/* End PBXSourcesBuildPhase section */

/* Begin PBXTargetDependency section */
		15D0782E19420BF800CA0EAF /* PBXTargetDependency */ = {
			isa = PBXTargetDependency;
			target = 15D0780C19420BF800CA0EAF /* nintriva_francis_000 */;
			targetProxy = 15D0782D19420BF800CA0EAF /* PBXContainerItemProxy */;
		};
/* End PBXTargetDependency section */

/* Begin PBXVariantGroup section */
		15D0781919420BF800CA0EAF /* InfoPlist.strings */ = {
			isa = PBXVariantGroup;
			children = (
				15D0781A19420BF800CA0EAF /* en */,
			);
			name = InfoPlist.strings;
			sourceTree = "<group>";
		};
		15D0783219420BF800CA0EAF /* InfoPlist.strings */ = {
			isa = PBXVariantGroup;
			children = (
				15D0783319420BF800CA0EAF /* en */,
			);
			name = InfoPlist.strings;
			sourceTree = "<group>";
		};
/* End PBXVariantGroup section */

/* Begin XCBuildConfiguration section */
		15D0783719420BF800CA0EAF /* Debug */ = {
			isa = XCBuildConfiguration;
			buildSettings = {
				ALWAYS_SEARCH_USER_PATHS = NO;
				CLANG_CXX_LANGUAGE_STANDARD = "gnu++0x";
				CLANG_CXX_LIBRARY = "libc++";
				CLANG_ENABLE_MODULES = YES;
				CLANG_ENABLE_OBJC_ARC = YES;
				CLANG_WARN_BOOL_CONVERSION = YES;
				CLANG_WARN_CONSTANT_CONVERSION = YES;
				CLANG_WARN_DIRECT_OBJC_ISA_USAGE = YES_ERROR;
				CLANG_WARN_EMPTY_BODY = YES;
				CLANG_WARN_ENUM_CONVERSION = YES;
				CLANG_WARN_INT_CONVERSION = YES;
				CLANG_WARN_OBJC_ROOT_CLASS = YES_ERROR;
				CLANG_WARN__DUPLICATE_METHOD_MATCH = YES;
				"CODE_SIGN_IDENTITY[sdk=iphoneos*]" = "iPhone Developer";
				COPY_PHASE_STRIP = NO;
				GCC_C_LANGUAGE_STANDARD = gnu99;
				GCC_DYNAMIC_NO_PIC = NO;
				GCC_OPTIMIZATION_LEVEL = 0;
				GCC_PREPROCESSOR_DEFINITIONS = (
					"DEBUG=1",
					"$(inherited)",
				);
				GCC_SYMBOLS_PRIVATE_EXTERN = NO;
				GCC_WARN_64_TO_32_BIT_CONVERSION = YES;
				GCC_WARN_ABOUT_RETURN_TYPE = YES_ERROR;
				GCC_WARN_UNDECLARED_SELECTOR = YES;
				GCC_WARN_UNINITIALIZED_AUTOS = YES_AGGRESSIVE;
				GCC_WARN_UNUSED_FUNCTION = YES;
				GCC_WARN_UNUSED_VARIABLE = YES;
				IPHONEOS_DEPLOYMENT_TARGET = 7.1;
				ONLY_ACTIVE_ARCH = YES;
				SDKROOT = iphoneos;
			};
			name = Debug;
		};
		15D0783819420BF800CA0EAF /* Release */ = {
			isa = XCBuildConfiguration;
			buildSettings = {
				ALWAYS_SEARCH_USER_PATHS = NO;
				CLANG_CXX_LANGUAGE_STANDARD = "gnu++0x";
				CLANG_CXX_LIBRARY = "libc++";
				CLANG_ENABLE_MODULES = YES;
				CLANG_ENABLE_OBJC_ARC = YES;
				CLANG_WARN_BOOL_CONVERSION = YES;
				CLANG_WARN_CONSTANT_CONVERSION = YES;
				CLANG_WARN_DIRECT_OBJC_ISA_USAGE = YES_ERROR;
				CLANG_WARN_EMPTY_BODY = YES;
				CLANG_WARN_ENUM_CONVERSION = YES;
				CLANG_WARN_INT_CONVERSION = YES;
				CLANG_WARN_OBJC_ROOT_CLASS = YES_ERROR;
				CLANG_WARN__DUPLICATE_METHOD_MATCH = YES;
				"CODE_SIGN_IDENTITY[sdk=iphoneos*]" = "iPhone Developer";
				COPY_PHASE_STRIP = YES;
				ENABLE_NS_ASSERTIONS = NO;
				GCC_C_LANGUAGE_STANDARD = gnu99;
				GCC_WARN_64_TO_32_BIT_CONVERSION = YES;
				GCC_WARN_ABOUT_RETURN_TYPE = YES_ERROR;
				GCC_WARN_UNDECLARED_SELECTOR = YES;
				GCC_WARN_UNINITIALIZED_AUTOS = YES_AGGRESSIVE;
				GCC_WARN_UNUSED_FUNCTION = YES;
				GCC_WARN_UNUSED_VARIABLE = YES;
				IPHONEOS_DEPLOYMENT_TARGET = 7.1;
				SDKROOT = iphoneos;
				VALIDATE_PRODUCT = YES;
			};
			name = Release;
		};
		15D0783A19420BF800CA0EAF /* Debug */ = {
			isa = XCBuildConfiguration;
			buildSettings = {
				ASSETCATALOG_COMPILER_APPICON_NAME = AppIcon;
				ASSETCATALOG_COMPILER_LAUNCHIMAGE_NAME = LaunchImage;
				FRAMEWORK_SEARCH_PATHS = (
					"$(inherited)",
					"$(PROJECT_DIR)",
				);
				GCC_PRECOMPILE_PREFIX_HEADER = YES;
				GCC_PREFIX_HEADER = "nintriva_francis_000/nintriva_francis_000-Prefix.pch";
				INFOPLIST_FILE = "nintriva_francis_000/nintriva_francis_000-Info.plist";
				PRODUCT_NAME = "$(TARGET_NAME)";
				WRAPPER_EXTENSION = app;
			};
			name = Debug;
		};
		15D0783B19420BF800CA0EAF /* Release */ = {
			isa = XCBuildConfiguration;
			buildSettings = {
				ASSETCATALOG_COMPILER_APPICON_NAME = AppIcon;
				ASSETCATALOG_COMPILER_LAUNCHIMAGE_NAME = LaunchImage;
				FRAMEWORK_SEARCH_PATHS = (
					"$(inherited)",
					"$(PROJECT_DIR)",
				);
				GCC_PRECOMPILE_PREFIX_HEADER = YES;
				GCC_PREFIX_HEADER = "nintriva_francis_000/nintriva_francis_000-Prefix.pch";
				INFOPLIST_FILE = "nintriva_francis_000/nintriva_francis_000-Info.plist";
				PRODUCT_NAME = "$(TARGET_NAME)";
				WRAPPER_EXTENSION = app;
			};
			name = Release;
		};
		15D0783D19420BF800CA0EAF /* Debug */ = {
			isa = XCBuildConfiguration;
			buildSettings = {
				BUNDLE_LOADER = "$(BUILT_PRODUCTS_DIR)/nintriva_francis_000.app/nintriva_francis_000";
				FRAMEWORK_SEARCH_PATHS = (
					"$(SDKROOT)/Developer/Library/Frameworks",
					"$(inherited)",
					"$(DEVELOPER_FRAMEWORKS_DIR)",
				);
				GCC_PRECOMPILE_PREFIX_HEADER = YES;
				GCC_PREFIX_HEADER = "nintriva_francis_000/nintriva_francis_000-Prefix.pch";
				GCC_PREPROCESSOR_DEFINITIONS = (
					"DEBUG=1",
					"$(inherited)",
				);
				INFOPLIST_FILE = "nintriva_francis_000Tests/nintriva_francis_000Tests-Info.plist";
				PRODUCT_NAME = "$(TARGET_NAME)";
				TEST_HOST = "$(BUNDLE_LOADER)";
				WRAPPER_EXTENSION = xctest;
			};
			name = Debug;
		};
		15D0783E19420BF800CA0EAF /* Release */ = {
			isa = XCBuildConfiguration;
			buildSettings = {
				BUNDLE_LOADER = "$(BUILT_PRODUCTS_DIR)/nintriva_francis_000.app/nintriva_francis_000";
				FRAMEWORK_SEARCH_PATHS = (
					"$(SDKROOT)/Developer/Library/Frameworks",
					"$(inherited)",
					"$(DEVELOPER_FRAMEWORKS_DIR)",
				);
				GCC_PRECOMPILE_PREFIX_HEADER = YES;
				GCC_PREFIX_HEADER = "nintriva_francis_000/nintriva_francis_000-Prefix.pch";
				INFOPLIST_FILE = "nintriva_francis_000Tests/nintriva_francis_000Tests-Info.plist";
				PRODUCT_NAME = "$(TARGET_NAME)";
				TEST_HOST = "$(BUNDLE_LOADER)";
				WRAPPER_EXTENSION = xctest;
			};
			name = Release;
		};
/* End XCBuildConfiguration section */

/* Begin XCConfigurationList section */
		15D0780819420BF800CA0EAF /* Build configuration list for PBXProject "nintriva_francis_000" */ = {
			isa = XCConfigurationList;
			buildConfigurations = (
				15D0783719420BF800CA0EAF /* Debug */,
				15D0783819420BF800CA0EAF /* Release */,
			);
			defaultConfigurationIsVisible = 0;
			defaultConfigurationName = Release;
		};
		15D0783919420BF800CA0EAF /* Build configuration list for PBXNativeTarget "nintriva_francis_000" */ = {
			isa = XCConfigurationList;
			buildConfigurations = (
				15D0783A19420BF800CA0EAF /* Debug */,
				15D0783B19420BF800CA0EAF /* Release */,
			);
			defaultConfigurationIsVisible = 0;
			defaultConfigurationName = Release;
		};
		15D0783C19420BF800CA0EAF /* Build configuration list for PBXNativeTarget "nintriva_francis_000Tests" */ = {
			isa = XCConfigurationList;
			buildConfigurations = (
				15D0783D19420BF800CA0EAF /* Debug */,
				15D0783E19420BF800CA0EAF /* Release */,
			);
			defaultConfigurationIsVisible = 0;
			defaultConfigurationName = Release;
		};
/* End XCConfigurationList section */
	};
	rootObject = 15D0780519420BF800CA0EAF /* Project object */;
}
